
Microsoft Visual Studio Solution File, Format Version 12.00
# Visual Studio Version 17
VisualStudioVersion = 17.14.36408.4
MinimumVisualStudioVersion = 10.0.40219.1
Project("{FAE04EC0-301F-11D3-BF4B-00C04F79EFBC}") = "GameDataParser", "GameDataParser.csproj", "{11179E18-C8E7-4028-8DD4-C8523616646B}"
EndProject
Global
	GlobalSection(SolutionConfigurationPlatforms) = preSolution
		Debug|Any CPU = Debug|Any CPU
		Release|Any CPU = Release|Any CPU
	EndGlobalSection
	GlobalSection(ProjectConfigurationPlatforms) = postSolution
		{11179E18-C8E7-4028-8DD4-C8523616646B}.Debug|Any CPU.ActiveCfg = Debug|Any CPU
		{11179E18-C8E7-4028-8DD4-C8523616646B}.Debug|Any CPU.Build.0 = Debug|Any CPU
		{11179E18-C8E7-4028-8DD4-C8523616646B}.Release|Any CPU.ActiveCfg = Release|Any CPU
		{11179E18-C8E7-4028-8DD4-C8523616646B}.Release|Any CPU.Build.0 = Release|Any CPU
	EndGlobalSection
	GlobalSection(SolutionProperties) = preSolution
		HideSolutionNode = FALSE
	EndGlobalSection
	GlobalSection(ExtensibilityGlobals) = postSolution
		SolutionGuid = {CB7F396E-B74D-46E0-9380-17D5E0A2EB90}
	EndGlobalSection
EndGlobal
